
Microsoft Visual Studio Solution File, Format Version 11.00
# Visual Studio 2010
Project("{FAE04EC0-301F-11D3-BF4B-00C04F79EFBC}") = "Assembly-CSharp", "Assembly-CSharp.csproj", "{dfbc1d7b-647f-59b6-f28e-4200e85fed8a}"
EndProject
Project("{FAE04EC0-301F-11D3-BF4B-00C04F79EFBC}") = "FangAutoTile", "FangAutoTile.csproj", "{6736bc1b-efa9-c629-56d7-340ae9aa3553}"
EndProject
Project("{FAE04EC0-301F-11D3-BF4B-00C04F79EFBC}") = "FangAutoTile.Editor", "FangAutoTile.Editor.csproj", "{519c2d70-f81d-6a9d-9121-71e6528354fd}"
EndProject
Global
	GlobalSection(SolutionConfigurationPlatforms) = preSolution
		Debug|Any CPU = Debug|Any CPU
	EndGlobalSection
	GlobalSection(ProjectConfigurationPlatforms) = postSolution
		{dfbc1d7b-647f-59b6-f28e-4200e85fed8a}.Debug|Any CPU.ActiveCfg = Debug|Any CPU
		{dfbc1d7b-647f-59b6-f28e-4200e85fed8a}.Debug|Any CPU.Build.0 = Debug|Any CPU
		{6736bc1b-efa9-c629-56d7-340ae9aa3553}.Debug|Any CPU.ActiveCfg = Debug|Any CPU
		{6736bc1b-efa9-c629-56d7-340ae9aa3553}.Debug|Any CPU.Build.0 = Debug|Any CPU
		{519c2d70-f81d-6a9d-9121-71e6528354fd}.Debug|Any CPU.ActiveCfg = Debug|Any CPU
		{519c2d70-f81d-6a9d-9121-71e6528354fd}.Debug|Any CPU.Build.0 = Debug|Any CPU
	EndGlobalSection
	GlobalSection(SolutionProperties) = preSolution
		HideSolutionNode = FALSE
	EndGlobalSection
EndGlobal
