
Microsoft Visual Studio Solution File, Format Version 12.00
# Visual Studio 15
Project("{FAE04EC0-301F-11D3-BF4B-00C04F79EFBC}") = "Assembly-CSharp", "Assembly-CSharp.csproj", "{7B1DBCDF-7F64-B659-F28E-4200E85FED8A}"
EndProject
Project("{FAE04EC0-301F-11D3-BF4B-00C04F79EFBC}") = "FangAutoTile", "FangAutoTile.csproj", "{1BBC3667-A9EF-29C6-56D7-340AE9AA3553}"
EndProject
Project("{FAE04EC0-301F-11D3-BF4B-00C04F79EFBC}") = "FangAutoTile.Editor", "FangAutoTile.Editor.csproj", "{702D9C51-1DF8-9D6A-9121-71E6528354FD}"
EndProject
Global
	GlobalSection(SolutionConfigurationPlatforms) = preSolution
		Debug|Any CPU = Debug|Any CPU
		Release|Any CPU = Release|Any CPU
	EndGlobalSection
	GlobalSection(ProjectConfigurationPlatforms) = postSolution
		{7B1DBCDF-7F64-B659-F28E-4200E85FED8A}.Debug|Any CPU.ActiveCfg = Debug|Any CPU
		{7B1DBCDF-7F64-B659-F28E-4200E85FED8A}.Debug|Any CPU.Build.0 = Debug|Any CPU
		{7B1DBCDF-7F64-B659-F28E-4200E85FED8A}.Release|Any CPU.ActiveCfg = Release|Any CPU
		{7B1DBCDF-7F64-B659-F28E-4200E85FED8A}.Release|Any CPU.Build.0 = Release|Any CPU
		{1BBC3667-A9EF-29C6-56D7-340AE9AA3553}.Debug|Any CPU.ActiveCfg = Debug|Any CPU
		{1BBC3667-A9EF-29C6-56D7-340AE9AA3553}.Debug|Any CPU.Build.0 = Debug|Any CPU
		{1BBC3667-A9EF-29C6-56D7-340AE9AA3553}.Release|Any CPU.ActiveCfg = Release|Any CPU
		{1BBC3667-A9EF-29C6-56D7-340AE9AA3553}.Release|Any CPU.Build.0 = Release|Any CPU
		{702D9C51-1DF8-9D6A-9121-71E6528354FD}.Debug|Any CPU.ActiveCfg = Debug|Any CPU
		{702D9C51-1DF8-9D6A-9121-71E6528354FD}.Debug|Any CPU.Build.0 = Debug|Any CPU
		{702D9C51-1DF8-9D6A-9121-71E6528354FD}.Release|Any CPU.ActiveCfg = Release|Any CPU
		{702D9C51-1DF8-9D6A-9121-71E6528354FD}.Release|Any CPU.Build.0 = Release|Any CPU
	EndGlobalSection
	GlobalSection(SolutionProperties) = preSolution
		HideSolutionNode = FALSE
	EndGlobalSection
EndGlobal
